// !$*UTF8*$!
{
	archiveVersion = 1;
	classes = {
	};
	objectVersion = 77;
	objects = {

/* Begin PBXBuildFile section */
		185EDC6B2F8DBC2B0018494E /* NetworkExtension.framework in Frameworks */ = {isa = PBXBuildFile; fileRef = 3BA866D9E3BF506BA8210ADD /* NetworkExtension.framework */; };
		185EDC752F8DBC2B0018494E /* tunnel.systemextension in Embed System Extensions */ = {isa = PBXBuildFile; fileRef = 185EDC6A2F8DBC2B0018494E /* tunnel.systemextension */; settings = {ATTRIBUTES = (RemoveHeadersOnCopy, ); }; };
		185EDC7B2F8DBCA60018494E /* PacketTunnelProvider.swift in Sources */ = {isa = PBXBuildFile; fileRef = 2501925540875F4EB525A299 /* PacketTunnelProvider.swift */; };
		185EDC7C2F8DBCF10018494E /* WireGuardCore.framework in Frameworks */ = {isa = PBXBuildFile; fileRef = 8C111BC0F5947D6F0AAA1B56 /* WireGuardCore.framework */; };
		185EDC7D2F8DBD4D0018494E /* Network.framework in Frameworks */ = {isa = PBXBuildFile; fileRef = 34E80840E3D64031EE610056 /* Network.framework */; };
		1A8187EE233E8D74E8834A31 /* SystemExtensions.framework in Frameworks */ = {isa = PBXBuildFile; fileRef = 1E73C9381B47B94A818F806C /* SystemExtensions.framework */; };
		3AB8542DD0A7AC7498786BE3 /* WireGuardCore.framework in Frameworks */ = {isa = PBXBuildFile; fileRef = 8C111BC0F5947D6F0AAA1B56 /* WireGuardCore.framework */; };
		3EC87B4EAC8F4743E7C7E55D /* SystemExtensionManager.swift in Sources */ = {isa = PBXBuildFile; fileRef = 2BCC844CB2B91938FBCB608A /* SystemExtensionManager.swift */; };
		482B537E24E442FF213C7214 /* PacketTunnelProvider.swift in Sources */ = {isa = PBXBuildFile; fileRef = 2501925540875F4EB525A299 /* PacketTunnelProvider.swift */; };
		549C58FCE428A2F443347613 /* WireGuardSysExtApp.swift in Sources */ = {isa = PBXBuildFile; fileRef = 441FA6912284E69AD1495014 /* WireGuardSysExtApp.swift */; };
		7E977EBD1124B0063CB829CD /* NetworkExtension.framework in Frameworks */ = {isa = PBXBuildFile; fileRef = 3BA866D9E3BF506BA8210ADD /* NetworkExtension.framework */; };
		9A7B7DB7ADC85A8714B5C150 /* main.swift in Sources */ = {isa = PBXBuildFile; fileRef = D395711C36ABAA2434909318 /* main.swift */; };
		A3101768AA029B50283922C6 /* SysExtContentView.swift in Sources */ = {isa = PBXBuildFile; fileRef = 656AF0483D05F8BB6AEC18CE /* SysExtContentView.swift */; };
		BA6DA0E0795534EA0FB36964 /* Network.framework in Frameworks */ = {isa = PBXBuildFile; fileRef = 34E80840E3D64031EE610056 /* Network.framework */; };
		BD9AA94A6897CF9C612935EA /* NetworkExtension.framework in Frameworks */ = {isa = PBXBuildFile; fileRef = 3BA866D9E3BF506BA8210ADD /* NetworkExtension.framework */; };
		EC148EEB23E59681C91392A7 /* SysExtTunnelManager.swift in Sources */ = {isa = PBXBuildFile; fileRef = 7270B12FCA776C8DD1FD2B24 /* SysExtTunnelManager.swift */; };
/* End PBXBuildFile section */

/* Begin PBXContainerItemProxy section */
		185EDC732F8DBC2B0018494E /* PBXContainerItemProxy */ = {
			isa = PBXContainerItemProxy;
			containerPortal = A45040628B8C1FB99DE1F374 /* Project object */;
			proxyType = 1;
			remoteGlobalIDString = 185EDC692F8DBC2B0018494E;
			remoteInfo = tunnel;
		};
/* End PBXContainerItemProxy section */

/* Begin PBXCopyFilesBuildPhase section */
		185EDC7A2F8DBC2B0018494E /* Embed System Extensions */ = {
			isa = PBXCopyFilesBuildPhase;
			buildActionMask = 2147483647;
			dstPath = "$(SYSTEM_EXTENSIONS_FOLDER_PATH)";
			dstSubfolderSpec = 16;
			files = (
				185EDC752F8DBC2B0018494E /* tunnel.systemextension in Embed System Extensions */,
			);
			name = "Embed System Extensions";
			runOnlyForDeploymentPostprocessing = 0;
		};
/* End PBXCopyFilesBuildPhase section */

/* Begin PBXFileReference section */
		183E2FD82F8D205300B37A08 /* WireGuardTunnelSysExt.entitlements */ = {isa = PBXFileReference; lastKnownFileType = text.plist.entitlements; name = WireGuardTunnelSysExt.entitlements; path = WireGuardTunnelSysExt/WireGuardTunnelSysExt.entitlements; sourceTree = SOURCE_ROOT; };
		183E2FD92F8D205E00B37A08 /* WireGuardApp.entitlements */ = {isa = PBXFileReference; lastKnownFileType = text.plist.entitlements; path = WireGuardApp.entitlements; sourceTree = "<group>"; };
		185EDC652F8DB4150018494E /* Info.plist */ = {isa = PBXFileReference; lastKnownFileType = text.plist.xml; name = Info.plist; path = WireGuardSysExt/WireGuardTunnelSysExt/Info.plist; sourceTree = "<group>"; };
		185EDC6A2F8DBC2B0018494E /* tunnel.systemextension */ = {isa = PBXFileReference; explicitFileType = "wrapper.system-extension"; includeInIndex = 0; path = tunnel.systemextension; sourceTree = BUILT_PRODUCTS_DIR; };
		1DF1E45D7D871AA822B0DF7C /* WireGuardApp.app */ = {isa = PBXFileReference; explicitFileType = wrapper.application; includeInIndex = 0; path = WireGuardApp.app; sourceTree = BUILT_PRODUCTS_DIR; };
		1E73C9381B47B94A818F806C /* SystemExtensions.framework */ = {isa = PBXFileReference; lastKnownFileType = wrapper.framework; name = SystemExtensions.framework; path = System/Library/Frameworks/SystemExtensions.framework; sourceTree = SDKROOT; };
		2501925540875F4EB525A299 /* PacketTunnelProvider.swift */ = {isa = PBXFileReference; lastKnownFileType = sourcecode.swift; path = PacketTunnelProvider.swift; sourceTree = "<group>"; };
		2BA0841609107E2D666E25AB /* WireGuardTunnelSysExt.systemextension */ = {isa = PBXFileReference; explicitFileType = "wrapper.system-extension"; includeInIndex = 0; path = WireGuardTunnelSysExt.systemextension; sourceTree = BUILT_PRODUCTS_DIR; };
		2BCC844CB2B91938FBCB608A /* SystemExtensionManager.swift */ = {isa = PBXFileReference; lastKnownFileType = sourcecode.swift; path = SystemExtensionManager.swift; sourceTree = "<group>"; };
		34E80840E3D64031EE610056 /* Network.framework */ = {isa = PBXFileReference; lastKnownFileType = wrapper.framework; name = Network.framework; path = System/Library/Frameworks/Network.framework; sourceTree = SDKROOT; };
		3BA866D9E3BF506BA8210ADD /* NetworkExtension.framework */ = {isa = PBXFileReference; lastKnownFileType = wrapper.framework; name = NetworkExtension.framework; path = System/Library/Frameworks/NetworkExtension.framework; sourceTree = SDKROOT; };
		441FA6912284E69AD1495014 /* WireGuardSysExtApp.swift */ = {isa = PBXFileReference; lastKnownFileType = sourcecode.swift; path = WireGuardSysExtApp.swift; sourceTree = "<group>"; };
		4A74A65B22DF4840DD2FB6E8 /* Info.plist */ = {isa = PBXFileReference; lastKnownFileType = text.plist; path = Info.plist; sourceTree = "<group>"; };
		656AF0483D05F8BB6AEC18CE /* SysExtContentView.swift */ = {isa = PBXFileReference; lastKnownFileType = sourcecode.swift; path = SysExtContentView.swift; sourceTree = "<group>"; };
		7270B12FCA776C8DD1FD2B24 /* SysExtTunnelManager.swift */ = {isa = PBXFileReference; lastKnownFileType = sourcecode.swift; path = SysExtTunnelManager.swift; sourceTree = "<group>"; };
		8C111BC0F5947D6F0AAA1B56 /* WireGuardCore.framework */ = {isa = PBXFileReference; lastKnownFileType = wrapper.framework; name = WireGuardCore.framework; path = "../build/xcframework/WireGuardCore.xcframework/macos-arm64_x86_64/WireGuardCore.framework"; sourceTree = "<group>"; };
		D395711C36ABAA2434909318 /* main.swift */ = {isa = PBXFileReference; lastKnownFileType = sourcecode.swift; path = main.swift; sourceTree = "<group>"; };
/* End PBXFileReference section */

/* Begin PBXFileSystemSynchronizedBuildFileExceptionSet section */
		185EDC762F8DBC2B0018494E /* Exceptions for "tunnel" folder in "tunnel" target */ = {
			isa = PBXFileSystemSynchronizedBuildFileExceptionSet;
			membershipExceptions = (
				AppProxyProvider.swift,
				Info.plist,
			);
			target = 185EDC692F8DBC2B0018494E /* tunnel */;
		};
/* End PBXFileSystemSynchronizedBuildFileExceptionSet section */

/* Begin PBXFileSystemSynchronizedRootGroup section */
		185EDC6C2F8DBC2B0018494E /* tunnel */ = {
			isa = PBXFileSystemSynchronizedRootGroup;
			exceptions = (
				185EDC762F8DBC2B0018494E /* Exceptions for "tunnel" folder in "tunnel" target */,
			);
			path = tunnel;
			sourceTree = "<group>";
		};
/* End PBXFileSystemSynchronizedRootGroup section */

/* Begin PBXFrameworksBuildPhase section */
		185EDC672F8DBC2B0018494E /* Frameworks */ = {
			isa = PBXFrameworksBuildPhase;
			buildActionMask = 2147483647;
			files = (
				185EDC6B2F8DBC2B0018494E /* NetworkExtension.framework in Frameworks */,
				185EDC7C2F8DBCF10018494E /* WireGuardCore.framework in Frameworks */,
				185EDC7D2F8DBD4D0018494E /* Network.framework in Frameworks */,
			);
			runOnlyForDeploymentPostprocessing = 0;
		};
		38F5673CD2EE3263F4A803B3 /* Frameworks */ = {
			isa = PBXFrameworksBuildPhase;
			buildActionMask = 2147483647;
			files = (
				7E977EBD1124B0063CB829CD /* NetworkExtension.framework in Frameworks */,
				1A8187EE233E8D74E8834A31 /* SystemExtensions.framework in Frameworks */,
			);
			runOnlyForDeploymentPostprocessing = 0;
		};
		8B2CF74358FE32B191C4E1E7 /* Frameworks */ = {
			isa = PBXFrameworksBuildPhase;
			buildActionMask = 2147483647;
			files = (
				BD9AA94A6897CF9C612935EA /* NetworkExtension.framework in Frameworks */,
				BA6DA0E0795534EA0FB36964 /* Network.framework in Frameworks */,
				3AB8542DD0A7AC7498786BE3 /* WireGuardCore.framework in Frameworks */,
			);
			runOnlyForDeploymentPostprocessing = 0;
		};
/* End PBXFrameworksBuildPhase section */

/* Begin PBXGroup section */
		083F4CF0D1BFFFF083C3E16D /* WireGuardApp */ = {
			isa = PBXGroup;
			children = (
				4A74A65B22DF4840DD2FB6E8 /* Info.plist */,
				656AF0483D05F8BB6AEC18CE /* SysExtContentView.swift */,
				7270B12FCA776C8DD1FD2B24 /* SysExtTunnelManager.swift */,
				183E2FD92F8D205E00B37A08 /* WireGuardApp.entitlements */,
				2BCC844CB2B91938FBCB608A /* SystemExtensionManager.swift */,
				441FA6912284E69AD1495014 /* WireGuardSysExtApp.swift */,
			);
			path = WireGuardApp;
			sourceTree = "<group>";
		};
		27B612FD46E4DE51329CF3E3 /* NetworkExtension */ = {
			isa = PBXGroup;
			children = (
				31AED92BA302602A67776D15 /* Sources */,
				183E2FD82F8D205300B37A08 /* WireGuardTunnelSysExt.entitlements */,
			);
			path = NetworkExtension;
			sourceTree = "<group>";
		};
		308A4092616CA316BFB38154 = {
			isa = PBXGroup;
			children = (
				880E05B6BE850ED579816CAB /* wg */,
				083F4CF0D1BFFFF083C3E16D /* WireGuardApp */,
				7499FE3455057387721CEF4F /* WireGuardTunnelSysExt */,
				185EDC6C2F8DBC2B0018494E /* tunnel */,
				9D1A0DCF9C7086ED1F4F6AB3 /* Frameworks */,
				F5E9D8B943151B6261747F7B /* Products */,
			);
			sourceTree = "<group>";
		};
		31AED92BA302602A67776D15 /* Sources */ = {
			isa = PBXGroup;
			children = (
				2501925540875F4EB525A299 /* PacketTunnelProvider.swift */,
			);
			path = Sources;
			sourceTree = "<group>";
		};
		7499FE3455057387721CEF4F /* WireGuardTunnelSysExt */ = {
			isa = PBXGroup;
			children = (
				D395711C36ABAA2434909318 /* main.swift */,
			);
			path = WireGuardTunnelSysExt;
			sourceTree = "<group>";
		};
		880E05B6BE850ED579816CAB /* wg */ = {
			isa = PBXGroup;
			children = (
				185EDC652F8DB4150018494E /* Info.plist */,
				27B612FD46E4DE51329CF3E3 /* NetworkExtension */,
			);
			name = wg;
			path = ..;
			sourceTree = "<group>";
		};
		9D1A0DCF9C7086ED1F4F6AB3 /* Frameworks */ = {
			isa = PBXGroup;
			children = (
				34E80840E3D64031EE610056 /* Network.framework */,
				3BA866D9E3BF506BA8210ADD /* NetworkExtension.framework */,
				1E73C9381B47B94A818F806C /* SystemExtensions.framework */,
				8C111BC0F5947D6F0AAA1B56 /* WireGuardCore.framework */,
			);
			name = Frameworks;
			sourceTree = "<group>";
		};
		F5E9D8B943151B6261747F7B /* Products */ = {
			isa = PBXGroup;
			children = (
				1DF1E45D7D871AA822B0DF7C /* WireGuardApp.app */,
				2BA0841609107E2D666E25AB /* WireGuardTunnelSysExt.systemextension */,
				185EDC6A2F8DBC2B0018494E /* tunnel.systemextension */,
			);
			name = Products;
			sourceTree = "<group>";
		};
/* End PBXGroup section */

/* Begin PBXNativeTarget section */
		093186BC1E67052D0D80131B /* WireGuardTunnelSysExt */ = {
			isa = PBXNativeTarget;
			buildConfigurationList = AE29CB5481D8AFC7C4E15C45 /* Build configuration list for PBXNativeTarget "WireGuardTunnelSysExt" */;
			buildPhases = (
				49070BA5D54312E4DBDBA7D8 /* Sources */,
				8B2CF74358FE32B191C4E1E7 /* Frameworks */,
			);
			buildRules = (
			);
			dependencies = (
			);
			name = WireGuardTunnelSysExt;
			packageProductDependencies = (
			);
			productName = WireGuardTunnelSysExt;
			productReference = 2BA0841609107E2D666E25AB /* WireGuardTunnelSysExt.systemextension */;
			productType = "com.apple.product-type.system-extension";
		};
		185EDC692F8DBC2B0018494E /* tunnel */ = {
			isa = PBXNativeTarget;
			buildConfigurationList = 185EDC772F8DBC2B0018494E /* Build configuration list for PBXNativeTarget "tunnel" */;
			buildPhases = (
				185EDC662F8DBC2B0018494E /* Sources */,
				185EDC672F8DBC2B0018494E /* Frameworks */,
				185EDC682F8DBC2B0018494E /* Resources */,
			);
			buildRules = (
			);
			dependencies = (
			);
			fileSystemSynchronizedGroups = (
				185EDC6C2F8DBC2B0018494E /* tunnel */,
			);
			name = tunnel;
			packageProductDependencies = (
			);
			productName = tunnel;
			productReference = 185EDC6A2F8DBC2B0018494E /* tunnel.systemextension */;
			productType = "com.apple.product-type.system-extension";
		};
		9A4BE39EF35BECCB276607F4 /* WireGuardApp */ = {
			isa = PBXNativeTarget;
			buildConfigurationList = FCC56234CA24D1CDD66CD3A7 /* Build configuration list for PBXNativeTarget "WireGuardApp" */;
			buildPhases = (
				ADE71EE75A7EB687E52CBED8 /* Sources */,
				38F5673CD2EE3263F4A803B3 /* Frameworks */,
				5FA028A68F6AE95E54EA4BA2 /* Copy System Extension */,
				185EDC7A2F8DBC2B0018494E /* Embed System Extensions */,
			);
			buildRules = (
			);
			dependencies = (
				185EDC742F8DBC2B0018494E /* PBXTargetDependency */,
			);
			name = WireGuardApp;
			packageProductDependencies = (
			);
			productName = WireGuardApp;
			productReference = 1DF1E45D7D871AA822B0DF7C /* WireGuardApp.app */;
			productType = "com.apple.product-type.application";
		};
/* End PBXNativeTarget section */

/* Begin PBXProject section */
		A45040628B8C1FB99DE1F374 /* Project object */ = {
			isa = PBXProject;
			attributes = {
				BuildIndependentTargetsInParallel = YES;
				LastSwiftUpdateCheck = 2640;
				LastUpgradeCheck = 1430;
				TargetAttributes = {
					093186BC1E67052D0D80131B = {
						ProvisioningStyle = Automatic;
					};
					185EDC692F8DBC2B0018494E = {
						CreatedOnToolsVersion = 26.4;
					};
					9A4BE39EF35BECCB276607F4 = {
						ProvisioningStyle = Automatic;
					};
				};
			};
			buildConfigurationList = 4D21679856D89FE904738AD3 /* Build configuration list for PBXProject "WireGuardSysExt" */;
			developmentRegion = en;
			hasScannedForEncodings = 0;
			knownRegions = (
				Base,
				en,
			);
			mainGroup = 308A4092616CA316BFB38154;
			minimizedProjectReferenceProxies = 1;
			preferredProjectObjectVersion = 77;
			productRefGroup = F5E9D8B943151B6261747F7B /* Products */;
			projectDirPath = "";
			projectRoot = "";
			targets = (
				9A4BE39EF35BECCB276607F4 /* WireGuardApp */,
				093186BC1E67052D0D80131B /* WireGuardTunnelSysExt */,
				185EDC692F8DBC2B0018494E /* tunnel */,
			);
		};
/* End PBXProject section */

/* Begin PBXResourcesBuildPhase section */
		185EDC682F8DBC2B0018494E /* Resources */ = {
			isa = PBXResourcesBuildPhase;
			buildActionMask = 2147483647;
			files = (
			);
			runOnlyForDeploymentPostprocessing = 0;
		};
/* End PBXResourcesBuildPhase section */

/* Begin PBXShellScriptBuildPhase section */
		5FA028A68F6AE95E54EA4BA2 /* Copy System Extension */ = {
			isa = PBXShellScriptBuildPhase;
			buildActionMask = 2147483647;
			files = (
			);
			inputFileListPaths = (
			);
			inputPaths = (
			);
			name = "Copy System Extension";
			outputFileListPaths = (
			);
			outputPaths = (
			);
			runOnlyForDeploymentPostprocessing = 0;
			shellPath = /bin/sh;
			shellScript = "#SYSEXT_SRC=\"${BUILT_PRODUCTS_DIR}/WireGuardTunnelSysExt.systemextension\"\n#SYSEXT_DST=\"${BUILT_PRODUCTS_DIR}/${CONTENTS_FOLDER_PATH}/Library/SystemExtensions/\"\n#mkdir -p \"${SYSEXT_DST}\"\n#if [ -d \"${SYSEXT_SRC}\" ]; then\n#  cp -Rf \"${SYSEXT_SRC}\" \"${SYSEXT_DST}\"\n#fi\n";
		};
/* End PBXShellScriptBuildPhase section */

/* Begin PBXSourcesBuildPhase section */
		185EDC662F8DBC2B0018494E /* Sources */ = {
			isa = PBXSourcesBuildPhase;
			buildActionMask = 2147483647;
			files = (
				185EDC7B2F8DBCA60018494E /* PacketTunnelProvider.swift in Sources */,
			);
			runOnlyForDeploymentPostprocessing = 0;
		};
		49070BA5D54312E4DBDBA7D8 /* Sources */ = {
			isa = PBXSourcesBuildPhase;
			buildActionMask = 2147483647;
			files = (
				482B537E24E442FF213C7214 /* PacketTunnelProvider.swift in Sources */,
				9A7B7DB7ADC85A8714B5C150 /* main.swift in Sources */,
			);
			runOnlyForDeploymentPostprocessing = 0;
		};
		ADE71EE75A7EB687E52CBED8 /* Sources */ = {
			isa = PBXSourcesBuildPhase;
			buildActionMask = 2147483647;
			files = (
				A3101768AA029B50283922C6 /* SysExtContentView.swift in Sources */,
				EC148EEB23E59681C91392A7 /* SysExtTunnelManager.swift in Sources */,
				3EC87B4EAC8F4743E7C7E55D /* SystemExtensionManager.swift in Sources */,
				549C58FCE428A2F443347613 /* WireGuardSysExtApp.swift in Sources */,
			);
			runOnlyForDeploymentPostprocessing = 0;
		};
/* End PBXSourcesBuildPhase section */

/* Begin PBXTargetDependency section */
		185EDC742F8DBC2B0018494E /* PBXTargetDependency */ = {
			isa = PBXTargetDependency;
			target = 185EDC692F8DBC2B0018494E /* tunnel */;
			targetProxy = 185EDC732F8DBC2B0018494E /* PBXContainerItemProxy */;
		};
/* End PBXTargetDependency section */

/* Begin XCBuildConfiguration section */
		0961EC94AFAFB11A4AC5FC2B /* Debug */ = {
			isa = XCBuildConfiguration;
			buildSettings = {
				ASSETCATALOG_COMPILER_APPICON_NAME = AppIcon;
				CODE_SIGN_ENTITLEMENTS = WireGuardApp/WireGuardApp.entitlements;
				"CODE_SIGN_IDENTITY[sdk=macosx*]" = "Apple Development";
				COMBINE_HIDPI_IMAGES = YES;
				DEVELOPMENT_TEAM = Z9XG3YEP93;
				INFOPLIST_FILE = WireGuardApp/Info.plist;
				LD_RUNPATH_SEARCH_PATHS = "@executable_path/../Frameworks";
				PRODUCT_BUNDLE_IDENTIFIER = com.change.wgsysext;
				REGISTER_APP_GROUPS = YES;
				SDKROOT = macosx;
				SYSTEM_EXTENSION_INSTALL_PATH = "$(CONTENTS_FOLDER_PATH)/Library/SystemExtensions";
			};
			name = Debug;
		};
		185EDC782F8DBC2B0018494E /* Debug */ = {
			isa = XCBuildConfiguration;
			buildSettings = {
				ASSETCATALOG_COMPILER_GENERATE_SWIFT_ASSET_SYMBOL_EXTENSIONS = YES;
				CLANG_CXX_LANGUAGE_STANDARD = "gnu++20";
				CODE_SIGN_ENTITLEMENTS = tunnel/tunnel.entitlements;
				CODE_SIGN_STYLE = Automatic;
				CURRENT_PROJECT_VERSION = 1;
				DEVELOPMENT_TEAM = Z9XG3YEP93;
				ENABLE_APP_SANDBOX = YES;
				ENABLE_HARDENED_RUNTIME = YES;
				ENABLE_INCOMING_NETWORK_CONNECTIONS = YES;
				ENABLE_OUTGOING_NETWORK_CONNECTIONS = YES;
				ENABLE_RESOURCE_ACCESS_AUDIO_INPUT = NO;
				ENABLE_RESOURCE_ACCESS_BLUETOOTH = NO;
				ENABLE_RESOURCE_ACCESS_CALENDARS = NO;
				ENABLE_RESOURCE_ACCESS_CAMERA = NO;
				ENABLE_RESOURCE_ACCESS_CONTACTS = NO;
				ENABLE_RESOURCE_ACCESS_LOCATION = NO;
				ENABLE_RESOURCE_ACCESS_PRINTING = NO;
				ENABLE_RESOURCE_ACCESS_USB = NO;
				ENABLE_USER_SCRIPT_SANDBOXING = YES;
				FRAMEWORK_SEARCH_PATHS = "$(SRCROOT)/../build/xcframework/WireGuardCore.xcframework/macos-arm64_x86_64";
				GCC_C_LANGUAGE_STANDARD = gnu17;
				GCC_PREPROCESSOR_DEFINITIONS = (
					"DEBUG=1",
					"$(inherited)",
				);
				GENERATE_INFOPLIST_FILE = YES;
				INFOPLIST_FILE = tunnel/Info.plist;
				INFOPLIST_KEY_CFBundleDisplayName = tunnel;
				INFOPLIST_KEY_NSHumanReadableCopyright = "";
				LD_RUNPATH_SEARCH_PATHS = (
					"$(inherited)",
					"@executable_path/../Frameworks",
					"@executable_path/../../../../Frameworks",
				);
				LOCALIZATION_PREFERS_STRING_CATALOGS = YES;
				MACOSX_DEPLOYMENT_TARGET = 26.4;
				MARKETING_VERSION = 1.0;
				PRODUCT_BUNDLE_IDENTIFIER = com.change.wgsysext.tunnel;
				PRODUCT_NAME = "$(inherited)";
				REGISTER_APP_GROUPS = YES;
				SKIP_INSTALL = YES;
				STRING_CATALOG_GENERATE_SYMBOLS = YES;
				SWIFT_ACTIVE_COMPILATION_CONDITIONS = "DEBUG $(inherited)";
				SWIFT_APPROACHABLE_CONCURRENCY = YES;
				SWIFT_EMIT_LOC_STRINGS = YES;
				SWIFT_UPCOMING_FEATURE_MEMBER_IMPORT_VISIBILITY = YES;
				SWIFT_VERSION = 5.0;
			};
			name = Debug;
		};
		185EDC792F8DBC2B0018494E /* Release */ = {
			isa = XCBuildConfiguration;
			buildSettings = {
				ASSETCATALOG_COMPILER_GENERATE_SWIFT_ASSET_SYMBOL_EXTENSIONS = YES;
				CLANG_CXX_LANGUAGE_STANDARD = "gnu++20";
				CODE_SIGN_ENTITLEMENTS = tunnel/tunnel.entitlements;
				CODE_SIGN_STYLE = Automatic;
				CURRENT_PROJECT_VERSION = 1;
				DEVELOPMENT_TEAM = Z9XG3YEP93;
				ENABLE_APP_SANDBOX = YES;
				ENABLE_HARDENED_RUNTIME = YES;
				ENABLE_INCOMING_NETWORK_CONNECTIONS = YES;
				ENABLE_OUTGOING_NETWORK_CONNECTIONS = YES;
				ENABLE_RESOURCE_ACCESS_AUDIO_INPUT = NO;
				ENABLE_RESOURCE_ACCESS_BLUETOOTH = NO;
				ENABLE_RESOURCE_ACCESS_CALENDARS = NO;
				ENABLE_RESOURCE_ACCESS_CAMERA = NO;
				ENABLE_RESOURCE_ACCESS_CONTACTS = NO;
				ENABLE_RESOURCE_ACCESS_LOCATION = NO;
				ENABLE_RESOURCE_ACCESS_PRINTING = NO;
				ENABLE_RESOURCE_ACCESS_USB = NO;
				ENABLE_USER_SCRIPT_SANDBOXING = YES;
				FRAMEWORK_SEARCH_PATHS = "$(SRCROOT)/../build/xcframework/WireGuardCore.xcframework/macos-arm64_x86_64";
				GCC_C_LANGUAGE_STANDARD = gnu17;
				GENERATE_INFOPLIST_FILE = YES;
				INFOPLIST_FILE = tunnel/Info.plist;
				INFOPLIST_KEY_CFBundleDisplayName = tunnel;
				INFOPLIST_KEY_NSHumanReadableCopyright = "";
				LD_RUNPATH_SEARCH_PATHS = (
					"$(inherited)",
					"@executable_path/../Frameworks",
					"@executable_path/../../../../Frameworks",
				);
				LOCALIZATION_PREFERS_STRING_CATALOGS = YES;
				MACOSX_DEPLOYMENT_TARGET = 26.4;
				MARKETING_VERSION = 1.0;
				PRODUCT_BUNDLE_IDENTIFIER = com.change.wgsysext.tunnel;
				PRODUCT_NAME = "$(inherited)";
				REGISTER_APP_GROUPS = YES;
				SKIP_INSTALL = YES;
				STRING_CATALOG_GENERATE_SYMBOLS = YES;
				SWIFT_APPROACHABLE_CONCURRENCY = YES;
				SWIFT_EMIT_LOC_STRINGS = YES;
				SWIFT_UPCOMING_FEATURE_MEMBER_IMPORT_VISIBILITY = YES;
				SWIFT_VERSION = 5.0;
			};
			name = Release;
		};
		6C6C5B33ABD9CE576AD20115 /* Release */ = {
			isa = XCBuildConfiguration;
			buildSettings = {
				ALWAYS_SEARCH_USER_PATHS = NO;
				CLANG_ANALYZER_NONNULL = YES;
				CLANG_ANALYZER_NUMBER_OBJECT_CONVERSION = YES_AGGRESSIVE;
				CLANG_CXX_LANGUAGE_STANDARD = "gnu++14";
				CLANG_CXX_LIBRARY = "libc++";
				CLANG_ENABLE_MODULES = YES;
				CLANG_ENABLE_OBJC_ARC = YES;
				CLANG_ENABLE_OBJC_WEAK = YES;
				CLANG_WARN_BLOCK_CAPTURE_AUTORELEASING = YES;
				CLANG_WARN_BOOL_CONVERSION = YES;
				CLANG_WARN_COMMA = YES;
				CLANG_WARN_CONSTANT_CONVERSION = YES;
				CLANG_WARN_DEPRECATED_OBJC_IMPLEMENTATIONS = YES;
				CLANG_WARN_DIRECT_OBJC_ISA_USAGE = YES_ERROR;
				CLANG_WARN_DOCUMENTATION_COMMENTS = YES;
				CLANG_WARN_EMPTY_BODY = YES;
				CLANG_WARN_ENUM_CONVERSION = YES;
				CLANG_WARN_INFINITE_RECURSION = YES;
				CLANG_WARN_INT_CONVERSION = YES;
				CLANG_WARN_NON_LITERAL_NULL_CONVERSION = YES;
				CLANG_WARN_OBJC_IMPLICIT_RETAIN_SELF = YES;
				CLANG_WARN_OBJC_LITERAL_CONVERSION = YES;
				CLANG_WARN_OBJC_ROOT_CLASS = YES_ERROR;
				CLANG_WARN_QUOTED_INCLUDE_IN_FRAMEWORK_HEADER = YES;
				CLANG_WARN_RANGE_LOOP_ANALYSIS = YES;
				CLANG_WARN_STRICT_PROTOTYPES = YES;
				CLANG_WARN_SUSPICIOUS_MOVE = YES;
				CLANG_WARN_UNGUARDED_AVAILABILITY = YES_AGGRESSIVE;
				CLANG_WARN_UNREACHABLE_CODE = YES;
				CLANG_WARN__DUPLICATE_METHOD_MATCH = YES;
				CODE_SIGN_STYLE = Automatic;
				COPY_PHASE_STRIP = NO;
				CURRENT_PROJECT_VERSION = 1;
				DEBUG_INFORMATION_FORMAT = "dwarf-with-dsym";
				DEVELOPMENT_TEAM = "";
				ENABLE_HARDENED_RUNTIME = YES;
				ENABLE_NS_ASSERTIONS = NO;
				ENABLE_STRICT_OBJC_MSGSEND = YES;
				GCC_C_LANGUAGE_STANDARD = gnu11;
				GCC_NO_COMMON_BLOCKS = YES;
				GCC_WARN_64_TO_32_BIT_CONVERSION = YES;
				GCC_WARN_ABOUT_RETURN_TYPE = YES_ERROR;
				GCC_WARN_UNDECLARED_SELECTOR = YES;
				GCC_WARN_UNINITIALIZED_AUTOS = YES_AGGRESSIVE;
				GCC_WARN_UNUSED_FUNCTION = YES;
				GCC_WARN_UNUSED_VARIABLE = YES;
				MACOSX_DEPLOYMENT_TARGET = 13.0;
				MARKETING_VERSION = 0.1.0;
				MTL_ENABLE_DEBUG_INFO = NO;
				MTL_FAST_MATH = YES;
				PRODUCT_NAME = "$(TARGET_NAME)";
				SDKROOT = macosx;
				SWIFT_COMPILATION_MODE = wholemodule;
				SWIFT_OPTIMIZATION_LEVEL = "-O";
				SWIFT_VERSION = 5.9;
			};
			name = Release;
		};
		BADC0E98D6C729A3EBAC1A0F /* Debug */ = {
			isa = XCBuildConfiguration;
			buildSettings = {
				ALWAYS_SEARCH_USER_PATHS = NO;
				CLANG_ANALYZER_NONNULL = YES;
				CLANG_ANALYZER_NUMBER_OBJECT_CONVERSION = YES_AGGRESSIVE;
				CLANG_CXX_LANGUAGE_STANDARD = "gnu++14";
				CLANG_CXX_LIBRARY = "libc++";
				CLANG_ENABLE_MODULES = YES;
				CLANG_ENABLE_OBJC_ARC = YES;
				CLANG_ENABLE_OBJC_WEAK = YES;
				CLANG_WARN_BLOCK_CAPTURE_AUTORELEASING = YES;
				CLANG_WARN_BOOL_CONVERSION = YES;
				CLANG_WARN_COMMA = YES;
				CLANG_WARN_CONSTANT_CONVERSION = YES;
				CLANG_WARN_DEPRECATED_OBJC_IMPLEMENTATIONS = YES;
				CLANG_WARN_DIRECT_OBJC_ISA_USAGE = YES_ERROR;
				CLANG_WARN_DOCUMENTATION_COMMENTS = YES;
				CLANG_WARN_EMPTY_BODY = YES;
				CLANG_WARN_ENUM_CONVERSION = YES;
				CLANG_WARN_INFINITE_RECURSION = YES;
				CLANG_WARN_INT_CONVERSION = YES;
				CLANG_WARN_NON_LITERAL_NULL_CONVERSION = YES;
				CLANG_WARN_OBJC_IMPLICIT_RETAIN_SELF = YES;
				CLANG_WARN_OBJC_LITERAL_CONVERSION = YES;
				CLANG_WARN_OBJC_ROOT_CLASS = YES_ERROR;
				CLANG_WARN_QUOTED_INCLUDE_IN_FRAMEWORK_HEADER = YES;
				CLANG_WARN_RANGE_LOOP_ANALYSIS = YES;
				CLANG_WARN_STRICT_PROTOTYPES = YES;
				CLANG_WARN_SUSPICIOUS_MOVE = YES;
				CLANG_WARN_UNGUARDED_AVAILABILITY = YES_AGGRESSIVE;
				CLANG_WARN_UNREACHABLE_CODE = YES;
				CLANG_WARN__DUPLICATE_METHOD_MATCH = YES;
				CODE_SIGN_STYLE = Automatic;
				COPY_PHASE_STRIP = NO;
				CURRENT_PROJECT_VERSION = 1;
				DEBUG_INFORMATION_FORMAT = dwarf;
				DEVELOPMENT_TEAM = "";
				ENABLE_HARDENED_RUNTIME = YES;
				ENABLE_STRICT_OBJC_MSGSEND = YES;
				ENABLE_TESTABILITY = YES;
				GCC_C_LANGUAGE_STANDARD = gnu11;
				GCC_DYNAMIC_NO_PIC = NO;
				GCC_NO_COMMON_BLOCKS = YES;
				GCC_OPTIMIZATION_LEVEL = 0;
				GCC_PREPROCESSOR_DEFINITIONS = (
					"$(inherited)",
					"DEBUG=1",
				);
				GCC_WARN_64_TO_32_BIT_CONVERSION = YES;
				GCC_WARN_ABOUT_RETURN_TYPE = YES_ERROR;
				GCC_WARN_UNDECLARED_SELECTOR = YES;
				GCC_WARN_UNINITIALIZED_AUTOS = YES_AGGRESSIVE;
				GCC_WARN_UNUSED_FUNCTION = YES;
				GCC_WARN_UNUSED_VARIABLE = YES;
				MACOSX_DEPLOYMENT_TARGET = 13.0;
				MARKETING_VERSION = 0.1.0;
				MTL_ENABLE_DEBUG_INFO = INCLUDE_SOURCE;
				MTL_FAST_MATH = YES;
				ONLY_ACTIVE_ARCH = YES;
				PRODUCT_NAME = "$(TARGET_NAME)";
				SDKROOT = macosx;
				SWIFT_ACTIVE_COMPILATION_CONDITIONS = DEBUG;
				SWIFT_OPTIMIZATION_LEVEL = "-Onone";
				SWIFT_VERSION = 5.9;
			};
			name = Debug;
		};
		CBAF111BD92910B9247AF5DF /* Debug */ = {
			isa = XCBuildConfiguration;
			buildSettings = {
				CODE_SIGN_ENTITLEMENTS = WireGuardTunnelSysExt/WireGuardTunnelSysExt.entitlements;
				COMBINE_HIDPI_IMAGES = YES;
				DEVELOPMENT_TEAM = Z9XG3YEP93;
				FRAMEWORK_SEARCH_PATHS = (
					"$(SRCROOT)/../build/xcframework/WireGuardCore.xcframework/macos-arm64_x86_64",
					"\"../build/xcframework/WireGuardCore.xcframework/macos-arm64_x86_64\"",
				);
				INFOPLIST_FILE = WireGuardTunnelSysExt/Info.plist;
				LD_RUNPATH_SEARCH_PATHS = "@executable_path/../Frameworks";
				OTHER_LDFLAGS = (
					"-framework",
					WireGuardCore,
				);
				PRODUCT_BUNDLE_IDENTIFIER = com.change.wgsysext.tunnel;
				SDKROOT = macosx;
			};
			name = Debug;
		};
		E95DEEC88A370B1475FDD600 /* Release */ = {
			isa = XCBuildConfiguration;
			buildSettings = {
				CODE_SIGN_ENTITLEMENTS = WireGuardTunnelSysExt/WireGuardTunnelSysExt.entitlements;
				COMBINE_HIDPI_IMAGES = YES;
				DEVELOPMENT_TEAM = Z9XG3YEP93;
				FRAMEWORK_SEARCH_PATHS = (
					"$(SRCROOT)/../build/xcframework/WireGuardCore.xcframework/macos-arm64_x86_64",
					"\"../build/xcframework/WireGuardCore.xcframework/macos-arm64_x86_64\"",
				);
				INFOPLIST_FILE = WireGuardTunnelSysExt/Info.plist;
				LD_RUNPATH_SEARCH_PATHS = "@executable_path/../Frameworks";
				OTHER_LDFLAGS = (
					"-framework",
					WireGuardCore,
				);
				PRODUCT_BUNDLE_IDENTIFIER = com.change.wgsysext.tunnel;
				SDKROOT = macosx;
			};
			name = Release;
		};
		EF192343FF5F4B1CCB79A645 /* Release */ = {
			isa = XCBuildConfiguration;
			buildSettings = {
				ASSETCATALOG_COMPILER_APPICON_NAME = AppIcon;
				CODE_SIGN_ENTITLEMENTS = WireGuardApp/WireGuardApp.entitlements;
				"CODE_SIGN_IDENTITY[sdk=macosx*]" = "Apple Development";
				COMBINE_HIDPI_IMAGES = YES;
				DEVELOPMENT_TEAM = Z9XG3YEP93;
				INFOPLIST_FILE = WireGuardApp/Info.plist;
				LD_RUNPATH_SEARCH_PATHS = "@executable_path/../Frameworks";
				PRODUCT_BUNDLE_IDENTIFIER = com.change.wgsysext;
				REGISTER_APP_GROUPS = YES;
				SDKROOT = macosx;
				SYSTEM_EXTENSION_INSTALL_PATH = "$(CONTENTS_FOLDER_PATH)/Library/SystemExtensions";
			};
			name = Release;
		};
/* End XCBuildConfiguration section */

/* Begin XCConfigurationList section */
		185EDC772F8DBC2B0018494E /* Build configuration list for PBXNativeTarget "tunnel" */ = {
			isa = XCConfigurationList;
			buildConfigurations = (
				185EDC782F8DBC2B0018494E /* Debug */,
				185EDC792F8DBC2B0018494E /* Release */,
			);
			defaultConfigurationIsVisible = 0;
			defaultConfigurationName = Debug;
		};
		4D21679856D89FE904738AD3 /* Build configuration list for PBXProject "WireGuardSysExt" */ = {
			isa = XCConfigurationList;
			buildConfigurations = (
				BADC0E98D6C729A3EBAC1A0F /* Debug */,
				6C6C5B33ABD9CE576AD20115 /* Release */,
			);
			defaultConfigurationIsVisible = 0;
			defaultConfigurationName = Debug;
		};
		AE29CB5481D8AFC7C4E15C45 /* Build configuration list for PBXNativeTarget "WireGuardTunnelSysExt" */ = {
			isa = XCConfigurationList;
			buildConfigurations = (
				CBAF111BD92910B9247AF5DF /* Debug */,
				E95DEEC88A370B1475FDD600 /* Release */,
			);
			defaultConfigurationIsVisible = 0;
			defaultConfigurationName = Debug;
		};
		FCC56234CA24D1CDD66CD3A7 /* Build configuration list for PBXNativeTarget "WireGuardApp" */ = {
			isa = XCConfigurationList;
			buildConfigurations = (
				0961EC94AFAFB11A4AC5FC2B /* Debug */,
				EF192343FF5F4B1CCB79A645 /* Release */,
			);
			defaultConfigurationIsVisible = 0;
			defaultConfigurationName = Debug;
		};
/* End XCConfigurationList section */
	};
	rootObject = A45040628B8C1FB99DE1F374 /* Project object */;
}
